<?xml version="1.0" encoding="utf-8"?>
<Project ToolsVersion="4.0" xmlns="http://schemas.microsoft.com/developer/msbuild/2003">
  <ItemGroup>
    <Filter Include="Application">
      <UniqueIdentifier>{7cb8e1eb-8b3f-4ec0-ab16-96987a296333}</UniqueIdentifier>
    </Filter>
    <Filter Include="Testing">
      <UniqueIdentifier>{7374cc12-c204-46b0-9eb4-20c7fdad0dba}</UniqueIdentifier>
    </Filter>
    <Filter Include="Deployment">
      <UniqueIdentifier>{9b2e51fa-f0ea-42d0-8c09-90c89f0a1d4f}</UniqueIdentifier>
    </Filter>
    <Filter Include="Application\Exceptions">
      <UniqueIdentifier>{355d901e-e46d-4913-a4db-b3ff8b4fdbe0}</UniqueIdentifier>
    </Filter>
    <Filter Include="Application\Helpers">
      <UniqueIdentifier>{0a7ca9e2-90e0-4cf6-8390-7656a8eb9815}</UniqueIdentifier>
    </Filter>
    <Filter Include="Application\Containers">
      <UniqueIdentifier>{cca6bee6-797f-47bd-ab76-52b52058268f}</UniqueIdentifier>
    </Filter>
  </ItemGroup>
  <ItemGroup>
    <ClInclude Include="targetver.h">
      <Filter>Application</Filter>
    </ClInclude>
    <ClInclude Include="stdafx.h">
      <Filter>Application</Filter>
    </ClInclude>
    <ClInclude Include="ReadMagicCard.h">
      <Filter>Application</Filter>
    </ClInclude>
    <ClInclude Include="TestRunner.h">
      <Filter>Testing</Filter>
    </ClInclude>
    <ClInclude Include="CardReaderApplication.h">
      <Filter>Application</Filter>
    </ClInclude>
    <ClInclude Include="CardTestRunner.h">
      <Filter>Testing</Filter>
    </ClInclude>
    <ClInclude Include="AlgorithmTestRunner.h">
      <Filter>Testing</Filter>
    </ClInclude>
    <ClInclude Include="Exception.h">
      <Filter>Application\Exceptions</Filter>
    </ClInclude>
    <ClInclude Include="ApplicationMessages.h">
      <Filter>Application\Helpers</Filter>
    </ClInclude>
    <ClInclude Include="FileHandling.h">
      <Filter>Application\Helpers</Filter>
    </ClInclude>
    <ClInclude Include="StoreCardProcessingData.h">
      <Filter>Application\Helpers</Filter>
    </ClInclude>
    <ClInclude Include="Toolbox.h">
      <Filter>Application\Helpers</Filter>
    </ClInclude>
    <ClInclude Include="Card.h">
      <Filter>Application\Containers</Filter>
    </ClInclude>
    <ClInclude Include="Converter.h">
      <Filter>Application\Helpers</Filter>
    </ClInclude>
    <ClInclude Include="TimePoint.h">
      <Filter>Application\Containers</Filter>
    </ClInclude>
  </ItemGroup>
  <ItemGroup>
    <ClCompile Include="ReadMagicCard.cpp">
      <Filter>Application</Filter>
    </ClCompile>
    <ClCompile Include="stdafx.cpp">
      <Filter>Application</Filter>
    </ClCompile>
    <ClCompile Include="TestRunner.cpp">
      <Filter>Testing</Filter>
    </ClCompile>
    <ClCompile Include="CardReaderApplication.cpp">
      <Filter>Application</Filter>
    </ClCompile>
    <ClCompile Include="CardTestRunner.cpp">
      <Filter>Testing</Filter>
    </ClCompile>
    <ClCompile Include="AlgorithmTestRunner.cpp">
      <Filter>Testing</Filter>
    </ClCompile>
    <ClCompile Include="ApplicationMessages.cpp">
      <Filter>Application\Helpers</Filter>
    </ClCompile>
    <ClCompile Include="FileHandling.cpp">
      <Filter>Application\Helpers</Filter>
    </ClCompile>
    <ClCompile Include="StoreCardProcessingData.cpp">
      <Filter>Application\Helpers</Filter>
    </ClCompile>
    <ClCompile Include="Toolbox.cpp">
      <Filter>Application\Helpers</Filter>
    </ClCompile>
    <ClCompile Include="Card.cpp">
      <Filter>Application\Containers</Filter>
    </ClCompile>
    <ClCompile Include="Converter.cpp">
      <Filter>Application\Helpers</Filter>
    </ClCompile>
    <ClCompile Include="TimePoint.cpp">
      <Filter>Application\Containers</Filter>
    </ClCompile>
  </ItemGroup>
  <ItemGroup>
    <None Include="..\CONTRIBUTING.md" />
    <None Include="..\LICENSE.md" />
    <None Include="..\README.md" />
    <None Include="deployment\vcredist_x86.exe">
      <Filter>Deployment</Filter>
    </None>
  </ItemGroup>
</Project>